# This file is automatically @generated by Poetry 1.8.1 and should not be changed by hand.

[[package]]
name = "slack-sdk"
version = "3.27.1"
description = "The Slack API Platform SDK for Python"
optional = false
python-versions = ">=3.6"
files = [
    {file = "slack_sdk-3.27.1-py2.py3-none-any.whl", hash = "sha256:c108e509160cf1324c5c8b1f47ca52fb5e287021b8caf9f4ec78ad737ab7b1d9"},
    {file = "slack_sdk-3.27.1.tar.gz", hash = "sha256:85d86b34d807c26c8bb33c1569ec0985876f06ae4a2692afba765b7a5490d28c"},
]

[package.extras]
optional = ["SQLAlchemy (>=1.4,<3)", "aiodns (>1.0)", "aiohttp (>=3.7.3,<4)", "boto3 (<=2)", "websocket-client (>=1,<2)", "websockets (>=10,<11)", "websockets (>=9.1,<10)"]

[metadata]
lock-version = "2.0"
python-versions = "^3.12"
content-hash = "86ae3c0a9e922eb930a85601d91f82210ce8eb4d839c2e62784521dc29367f22"
